
Microsoft Visual Studio Solution File, Format Version 12.00
# Visual Studio Version 17
VisualStudioVersion = 17.0.31611.283
MinimumVisualStudioVersion = 10.0.40219.1
Project("{9A19103F-16F7-4668-BE54-9A1E7A4F7556}") = "FitnessStudioAdminPanel", "FitnessStudioAdminPanel\FitnessStudioAdminPanel.csproj", "{5C194483-BAC6-4087-A870-67519B9B6831}"
EndProject
Project("{9A19103F-16F7-4668-BE54-9A1E7A4F7556}") = "fitnessStudioMobileApp", "fitnessStudioMobileApp\fitnessStudioMobileApp.csproj", "{D17BE684-5F56-415D-91D5-A3CE3A496F10}"
EndProject
Global
	GlobalSection(SolutionConfigurationPlatforms) = preSolution
		Debug|Any CPU = Debug|Any CPU
		Release|Any CPU = Release|Any CPU
	EndGlobalSection
	GlobalSection(ProjectConfigurationPlatforms) = postSolution
		{5C194483-BAC6-4087-A870-67519B9B6831}.Debug|Any CPU.ActiveCfg = Debug|Any CPU
		{5C194483-BAC6-4087-A870-67519B9B6831}.Debug|Any CPU.Build.0 = Debug|Any CPU
		{5C194483-BAC6-4087-A870-67519B9B6831}.Release|Any CPU.ActiveCfg = Release|Any CPU
		{5C194483-BAC6-4087-A870-67519B9B6831}.Release|Any CPU.Build.0 = Release|Any CPU
		{D17BE684-5F56-415D-91D5-A3CE3A496F10}.Debug|Any CPU.ActiveCfg = Debug|Any CPU
		{D17BE684-5F56-415D-91D5-A3CE3A496F10}.Debug|Any CPU.Build.0 = Debug|Any CPU
		{D17BE684-5F56-415D-91D5-A3CE3A496F10}.Debug|Any CPU.Deploy.0 = Debug|Any CPU
		{D17BE684-5F56-415D-91D5-A3CE3A496F10}.Release|Any CPU.ActiveCfg = Release|Any CPU
		{D17BE684-5F56-415D-91D5-A3CE3A496F10}.Release|Any CPU.Build.0 = Release|Any CPU
		{D17BE684-5F56-415D-91D5-A3CE3A496F10}.Release|Any CPU.Deploy.0 = Release|Any CPU
	EndGlobalSection
	GlobalSection(SolutionProperties) = preSolution
		HideSolutionNode = FALSE
	EndGlobalSection
	GlobalSection(ExtensibilityGlobals) = postSolution
		SolutionGuid = {61F7FB11-1E47-470C-91E2-47F8143E1572}
	EndGlobalSection
EndGlobal
